// !$*UTF8*$!
{
	archiveVersion = 1;
	classes = {
	};
	objectVersion = 56;
	objects = {

/* Begin PBXBuildFile section */
		62F6B1A42CA765BD00C539A1 /* RidesApp.swift in Sources */ = {isa = PBXBuildFile; fileRef = 62F6B1A32CA765BD00C539A1 /* RidesApp.swift */; };
		62F6B1A62CA765BD00C539A1 /* ContentView.swift in Sources */ = {isa = PBXBuildFile; fileRef = 62F6B1A52CA765BD00C539A1 /* ContentView.swift */; };
		62F6B1A82CA765BF00C539A1 /* Assets.xcassets in Resources */ = {isa = PBXBuildFile; fileRef = 62F6B1A72CA765BF00C539A1 /* Assets.xcassets */; };
		62F6B1AB2CA765BF00C539A1 /* Preview Assets.xcassets in Resources */ = {isa = PBXBuildFile; fileRef = 62F6B1AA2CA765BF00C539A1 /* Preview Assets.xcassets */; };
		62F6B1B52CA765BF00C539A1 /* RidesTests.swift in Sources */ = {isa = PBXBuildFile; fileRef = 62F6B1B42CA765BF00C539A1 /* RidesTests.swift */; };
		62F6B1BF2CA765BF00C539A1 /* RidesUITests.swift in Sources */ = {isa = PBXBuildFile; fileRef = 62F6B1BE2CA765BF00C539A1 /* RidesUITests.swift */; };
		62F6B1C12CA765BF00C539A1 /* RidesUITestsLaunchTests.swift in Sources */ = {isa = PBXBuildFile; fileRef = 62F6B1C02CA765BF00C539A1 /* RidesUITestsLaunchTests.swift */; };
/* End PBXBuildFile section */

/* Begin PBXContainerItemProxy section */
		62F6B1B12CA765BF00C539A1 /* PBXContainerItemProxy */ = {
			isa = PBXContainerItemProxy;
			containerPortal = 62F6B1982CA765BD00C539A1 /* Project object */;
			proxyType = 1;
			remoteGlobalIDString = 62F6B19F2CA765BD00C539A1;
			remoteInfo = Rides;
		};
		62F6B1BB2CA765BF00C539A1 /* PBXContainerItemProxy */ = {
			isa = PBXContainerItemProxy;
			containerPortal = 62F6B1982CA765BD00C539A1 /* Project object */;
			proxyType = 1;
			remoteGlobalIDString = 62F6B19F2CA765BD00C539A1;
			remoteInfo = Rides;
		};
/* End PBXContainerItemProxy section */

/* Begin PBXFileReference section */
		62F6B1A02CA765BD00C539A1 /* Rides.app */ = {isa = PBXFileReference; explicitFileType = wrapper.application; includeInIndex = 0; path = Rides.app; sourceTree = BUILT_PRODUCTS_DIR; };
		62F6B1A32CA765BD00C539A1 /* RidesApp.swift */ = {isa = PBXFileReference; lastKnownFileType = sourcecode.swift; path = RidesApp.swift; sourceTree = "<group>"; };
		62F6B1A52CA765BD00C539A1 /* ContentView.swift */ = {isa = PBXFileReference; lastKnownFileType = sourcecode.swift; path = ContentView.swift; sourceTree = "<group>"; };
		62F6B1A72CA765BF00C539A1 /* Assets.xcassets */ = {isa = PBXFileReference; lastKnownFileType = folder.assetcatalog; path = Assets.xcassets; sourceTree = "<group>"; };
		62F6B1AA2CA765BF00C539A1 /* Preview Assets.xcassets */ = {isa = PBXFileReference; lastKnownFileType = folder.assetcatalog; path = "Preview Assets.xcassets"; sourceTree = "<group>"; };
		62F6B1B02CA765BF00C539A1 /* RidesTests.xctest */ = {isa = PBXFileReference; explicitFileType = wrapper.cfbundle; includeInIndex = 0; path = RidesTests.xctest; sourceTree = BUILT_PRODUCTS_DIR; };
		62F6B1B42CA765BF00C539A1 /* RidesTests.swift */ = {isa = PBXFileReference; lastKnownFileType = sourcecode.swift; path = RidesTests.swift; sourceTree = "<group>"; };
		62F6B1BA2CA765BF00C539A1 /* RidesUITests.xctest */ = {isa = PBXFileReference; explicitFileType = wrapper.cfbundle; includeInIndex = 0; path = RidesUITests.xctest; sourceTree = BUILT_PRODUCTS_DIR; };
		62F6B1BE2CA765BF00C539A1 /* RidesUITests.swift */ = {isa = PBXFileReference; lastKnownFileType = sourcecode.swift; path = RidesUITests.swift; sourceTree = "<group>"; };
		62F6B1C02CA765BF00C539A1 /* RidesUITestsLaunchTests.swift */ = {isa = PBXFileReference; lastKnownFileType = sourcecode.swift; path = RidesUITestsLaunchTests.swift; sourceTree = "<group>"; };
/* End PBXFileReference section */

/* Begin PBXFrameworksBuildPhase section */
		62F6B19D2CA765BD00C539A1 /* Frameworks */ = {
			isa = PBXFrameworksBuildPhase;
			buildActionMask = 2147483647;
			files = (
			);
			runOnlyForDeploymentPostprocessing = 0;
		};
		62F6B1AD2CA765BF00C539A1 /* Frameworks */ = {
			isa = PBXFrameworksBuildPhase;
			buildActionMask = 2147483647;
			files = (
			);
			runOnlyForDeploymentPostprocessing = 0;
		};
		62F6B1B72CA765BF00C539A1 /* Frameworks */ = {
			isa = PBXFrameworksBuildPhase;
			buildActionMask = 2147483647;
			files = (
			);
			runOnlyForDeploymentPostprocessing = 0;
		};
/* End PBXFrameworksBuildPhase section */

/* Begin PBXGroup section */
		62F6B1972CA765BD00C539A1 = {
			isa = PBXGroup;
			children = (
				62F6B1A22CA765BD00C539A1 /* Rides */,
				62F6B1B32CA765BF00C539A1 /* RidesTests */,
				62F6B1BD2CA765BF00C539A1 /* RidesUITests */,
				62F6B1A12CA765BD00C539A1 /* Products */,
			);
			sourceTree = "<group>";
		};
		62F6B1A12CA765BD00C539A1 /* Products */ = {
			isa = PBXGroup;
			children = (
				62F6B1A02CA765BD00C539A1 /* Rides.app */,
				62F6B1B02CA765BF00C539A1 /* RidesTests.xctest */,
				62F6B1BA2CA765BF00C539A1 /* RidesUITests.xctest */,
			);
			name = Products;
			sourceTree = "<group>";
		};
		62F6B1A22CA765BD00C539A1 /* Rides */ = {
			isa = PBXGroup;
			children = (
				62F6B1A32CA765BD00C539A1 /* RidesApp.swift */,
				62F6B1A52CA765BD00C539A1 /* ContentView.swift */,
				62F6B1A72CA765BF00C539A1 /* Assets.xcassets */,
				62F6B1A92CA765BF00C539A1 /* Preview Content */,
			);
			path = Rides;
			sourceTree = "<group>";
		};
		62F6B1A92CA765BF00C539A1 /* Preview Content */ = {
			isa = PBXGroup;
			children = (
				62F6B1AA2CA765BF00C539A1 /* Preview Assets.xcassets */,
			);
			path = "Preview Content";
			sourceTree = "<group>";
		};
		62F6B1B32CA765BF00C539A1 /* RidesTests */ = {
			isa = PBXGroup;
			children = (
				62F6B1B42CA765BF00C539A1 /* RidesTests.swift */,
			);
			path = RidesTests;
			sourceTree = "<group>";
		};
		62F6B1BD2CA765BF00C539A1 /* RidesUITests */ = {
			isa = PBXGroup;
			children = (
				62F6B1BE2CA765BF00C539A1 /* RidesUITests.swift */,
				62F6B1C02CA765BF00C539A1 /* RidesUITestsLaunchTests.swift */,
			);
			path = RidesUITests;
			sourceTree = "<group>";
		};
/* End PBXGroup section */

/* Begin PBXNativeTarget section */
		62F6B19F2CA765BD00C539A1 /* Rides */ = {
			isa = PBXNativeTarget;
			buildConfigurationList = 62F6B1C42CA765BF00C539A1 /* Build configuration list for PBXNativeTarget "Rides" */;
			buildPhases = (
				62F6B19C2CA765BD00C539A1 /* Sources */,
				62F6B19D2CA765BD00C539A1 /* Frameworks */,
				62F6B19E2CA765BD00C539A1 /* Resources */,
			);
			buildRules = (
			);
			dependencies = (
			);
			name = Rides;
			productName = Rides;
			productReference = 62F6B1A02CA765BD00C539A1 /* Rides.app */;
			productType = "com.apple.product-type.application";
		};
		62F6B1AF2CA765BF00C539A1 /* RidesTests */ = {
			isa = PBXNativeTarget;
			buildConfigurationList = 62F6B1C72CA765BF00C539A1 /* Build configuration list for PBXNativeTarget "RidesTests" */;
			buildPhases = (
				62F6B1AC2CA765BF00C539A1 /* Sources */,
				62F6B1AD2CA765BF00C539A1 /* Frameworks */,
				62F6B1AE2CA765BF00C539A1 /* Resources */,
			);
			buildRules = (
			);
			dependencies = (
				62F6B1B22CA765BF00C539A1 /* PBXTargetDependency */,
			);
			name = RidesTests;
			productName = RidesTests;
			productReference = 62F6B1B02CA765BF00C539A1 /* RidesTests.xctest */;
			productType = "com.apple.product-type.bundle.unit-test";
		};
		62F6B1B92CA765BF00C539A1 /* RidesUITests */ = {
			isa = PBXNativeTarget;
			buildConfigurationList = 62F6B1CA2CA765BF00C539A1 /* Build configuration list for PBXNativeTarget "RidesUITests" */;
			buildPhases = (
				62F6B1B62CA765BF00C539A1 /* Sources */,
				62F6B1B72CA765BF00C539A1 /* Frameworks */,
				62F6B1B82CA765BF00C539A1 /* Resources */,
			);
			buildRules = (
			);
			dependencies = (
				62F6B1BC2CA765BF00C539A1 /* PBXTargetDependency */,
			);
			name = RidesUITests;
			productName = RidesUITests;
			productReference = 62F6B1BA2CA765BF00C539A1 /* RidesUITests.xctest */;
			productType = "com.apple.product-type.bundle.ui-testing";
		};
/* End PBXNativeTarget section */

/* Begin PBXProject section */
		62F6B1982CA765BD00C539A1 /* Project object */ = {
			isa = PBXProject;
			attributes = {
				BuildIndependentTargetsInParallel = 1;
				LastSwiftUpdateCheck = 1540;
				LastUpgradeCheck = 1540;
				TargetAttributes = {
					62F6B19F2CA765BD00C539A1 = {
						CreatedOnToolsVersion = 15.4;
					};
					62F6B1AF2CA765BF00C539A1 = {
						CreatedOnToolsVersion = 15.4;
						TestTargetID = 62F6B19F2CA765BD00C539A1;
					};
					62F6B1B92CA765BF00C539A1 = {
						CreatedOnToolsVersion = 15.4;
						TestTargetID = 62F6B19F2CA765BD00C539A1;
					};
				};
			};
			buildConfigurationList = 62F6B19B2CA765BD00C539A1 /* Build configuration list for PBXProject "Rides" */;
			compatibilityVersion = "Xcode 14.0";
			developmentRegion = en;
			hasScannedForEncodings = 0;
			knownRegions = (
				en,
				Base,
			);
			mainGroup = 62F6B1972CA765BD00C539A1;
			productRefGroup = 62F6B1A12CA765BD00C539A1 /* Products */;
			projectDirPath = "";
			projectRoot = "";
			targets = (
				62F6B19F2CA765BD00C539A1 /* Rides */,
				62F6B1AF2CA765BF00C539A1 /* RidesTests */,
				62F6B1B92CA765BF00C539A1 /* RidesUITests */,
			);
		};
/* End PBXProject section */

/* Begin PBXResourcesBuildPhase section */
		62F6B19E2CA765BD00C539A1 /* Resources */ = {
			isa = PBXResourcesBuildPhase;
			buildActionMask = 2147483647;
			files = (
				62F6B1AB2CA765BF00C539A1 /* Preview Assets.xcassets in Resources */,
				62F6B1A82CA765BF00C539A1 /* Assets.xcassets in Resources */,
			);
			runOnlyForDeploymentPostprocessing = 0;
		};
		62F6B1AE2CA765BF00C539A1 /* Resources */ = {
			isa = PBXResourcesBuildPhase;
			buildActionMask = 2147483647;
			files = (
			);
			runOnlyForDeploymentPostprocessing = 0;
		};
		62F6B1B82CA765BF00C539A1 /* Resources */ = {
			isa = PBXResourcesBuildPhase;
			buildActionMask = 2147483647;
			files = (
			);
			runOnlyForDeploymentPostprocessing = 0;
		};
/* End PBXResourcesBuildPhase section */

/* Begin PBXSourcesBuildPhase section */
		62F6B19C2CA765BD00C539A1 /* Sources */ = {
			isa = PBXSourcesBuildPhase;
			buildActionMask = 2147483647;
			files = (
				62F6B1A62CA765BD00C539A1 /* ContentView.swift in Sources */,
				62F6B1A42CA765BD00C539A1 /* RidesApp.swift in Sources */,
			);
			runOnlyForDeploymentPostprocessing = 0;
		};
		62F6B1AC2CA765BF00C539A1 /* Sources */ = {
			isa = PBXSourcesBuildPhase;
			buildActionMask = 2147483647;
			files = (
				62F6B1B52CA765BF00C539A1 /* RidesTests.swift in Sources */,
			);
			runOnlyForDeploymentPostprocessing = 0;
		};
		62F6B1B62CA765BF00C539A1 /* Sources */ = {
			isa = PBXSourcesBuildPhase;
			buildActionMask = 2147483647;
			files = (
				62F6B1C12CA765BF00C539A1 /* RidesUITestsLaunchTests.swift in Sources */,
				62F6B1BF2CA765BF00C539A1 /* RidesUITests.swift in Sources */,
			);
			runOnlyForDeploymentPostprocessing = 0;
		};
/* End PBXSourcesBuildPhase section */

/* Begin PBXTargetDependency section */
		62F6B1B22CA765BF00C539A1 /* PBXTargetDependency */ = {
			isa = PBXTargetDependency;
			target = 62F6B19F2CA765BD00C539A1 /* Rides */;
			targetProxy = 62F6B1B12CA765BF00C539A1 /* PBXContainerItemProxy */;
		};
		62F6B1BC2CA765BF00C539A1 /* PBXTargetDependency */ = {
			isa = PBXTargetDependency;
			target = 62F6B19F2CA765BD00C539A1 /* Rides */;
			targetProxy = 62F6B1BB2CA765BF00C539A1 /* PBXContainerItemProxy */;
		};
/* End PBXTargetDependency section */

/* Begin XCBuildConfiguration section */
		62F6B1C22CA765BF00C539A1 /* Debug */ = {
			isa = XCBuildConfiguration;
			buildSettings = {
				ALWAYS_SEARCH_USER_PATHS = NO;
				ASSETCATALOG_COMPILER_GENERATE_SWIFT_ASSET_SYMBOL_EXTENSIONS = YES;
				CLANG_ANALYZER_NONNULL = YES;
				CLANG_ANALYZER_NUMBER_OBJECT_CONVERSION = YES_AGGRESSIVE;
				CLANG_CXX_LANGUAGE_STANDARD = "gnu++20";
				CLANG_ENABLE_MODULES = YES;
				CLANG_ENABLE_OBJC_ARC = YES;
				CLANG_ENABLE_OBJC_WEAK = YES;
				CLANG_WARN_BLOCK_CAPTURE_AUTORELEASING = YES;
				CLANG_WARN_BOOL_CONVERSION = YES;
				CLANG_WARN_COMMA = YES;
				CLANG_WARN_CONSTANT_CONVERSION = YES;
				CLANG_WARN_DEPRECATED_OBJC_IMPLEMENTATIONS = YES;
				CLANG_WARN_DIRECT_OBJC_ISA_USAGE = YES_ERROR;
				CLANG_WARN_DOCUMENTATION_COMMENTS = YES;
				CLANG_WARN_EMPTY_BODY = YES;
				CLANG_WARN_ENUM_CONVERSION = YES;
				CLANG_WARN_INFINITE_RECURSION = YES;
				CLANG_WARN_INT_CONVERSION = YES;
				CLANG_WARN_NON_LITERAL_NULL_CONVERSION = YES;
				CLANG_WARN_OBJC_IMPLICIT_RETAIN_SELF = YES;
				CLANG_WARN_OBJC_LITERAL_CONVERSION = YES;
				CLANG_WARN_OBJC_ROOT_CLASS = YES_ERROR;
				CLANG_WARN_QUOTED_INCLUDE_IN_FRAMEWORK_HEADER = YES;
				CLANG_WARN_RANGE_LOOP_ANALYSIS = YES;
				CLANG_WARN_STRICT_PROTOTYPES = YES;
				CLANG_WARN_SUSPICIOUS_MOVE = YES;
				CLANG_WARN_UNGUARDED_AVAILABILITY = YES_AGGRESSIVE;
				CLANG_WARN_UNREACHABLE_CODE = YES;
				CLANG_WARN__DUPLICATE_METHOD_MATCH = YES;
				COPY_PHASE_STRIP = NO;
				DEBUG_INFORMATION_FORMAT = dwarf;
				ENABLE_STRICT_OBJC_MSGSEND = YES;
				ENABLE_TESTABILITY = YES;
				ENABLE_USER_SCRIPT_SANDBOXING = YES;
				GCC_C_LANGUAGE_STANDARD = gnu17;
				GCC_DYNAMIC_NO_PIC = NO;
				GCC_NO_COMMON_BLOCKS = YES;
				GCC_OPTIMIZATION_LEVEL = 0;
				GCC_PREPROCESSOR_DEFINITIONS = (
					"DEBUG=1",
					"$(inherited)",
				);
				GCC_WARN_64_TO_32_BIT_CONVERSION = YES;
				GCC_WARN_ABOUT_RETURN_TYPE = YES_ERROR;
				GCC_WARN_UNDECLARED_SELECTOR = YES;
				GCC_WARN_UNINITIALIZED_AUTOS = YES_AGGRESSIVE;
				GCC_WARN_UNUSED_FUNCTION = YES;
				GCC_WARN_UNUSED_VARIABLE = YES;
				IPHONEOS_DEPLOYMENT_TARGET = 17.5;
				LOCALIZATION_PREFERS_STRING_CATALOGS = YES;
				MTL_ENABLE_DEBUG_INFO = INCLUDE_SOURCE;
				MTL_FAST_MATH = YES;
				ONLY_ACTIVE_ARCH = YES;
				SDKROOT = iphoneos;
				SWIFT_ACTIVE_COMPILATION_CONDITIONS = "DEBUG $(inherited)";
				SWIFT_OPTIMIZATION_LEVEL = "-Onone";
			};
			name = Debug;
		};
		62F6B1C32CA765BF00C539A1 /* Release */ = {
			isa = XCBuildConfiguration;
			buildSettings = {
				ALWAYS_SEARCH_USER_PATHS = NO;
				ASSETCATALOG_COMPILER_GENERATE_SWIFT_ASSET_SYMBOL_EXTENSIONS = YES;
				CLANG_ANALYZER_NONNULL = YES;
				CLANG_ANALYZER_NUMBER_OBJECT_CONVERSION = YES_AGGRESSIVE;
				CLANG_CXX_LANGUAGE_STANDARD = "gnu++20";
				CLANG_ENABLE_MODULES = YES;
				CLANG_ENABLE_OBJC_ARC = YES;
				CLANG_ENABLE_OBJC_WEAK = YES;
				CLANG_WARN_BLOCK_CAPTURE_AUTORELEASING = YES;
				CLANG_WARN_BOOL_CONVERSION = YES;
				CLANG_WARN_COMMA = YES;
				CLANG_WARN_CONSTANT_CONVERSION = YES;
				CLANG_WARN_DEPRECATED_OBJC_IMPLEMENTATIONS = YES;
				CLANG_WARN_DIRECT_OBJC_ISA_USAGE = YES_ERROR;
				CLANG_WARN_DOCUMENTATION_COMMENTS = YES;
				CLANG_WARN_EMPTY_BODY = YES;
				CLANG_WARN_ENUM_CONVERSION = YES;
				CLANG_WARN_INFINITE_RECURSION = YES;
				CLANG_WARN_INT_CONVERSION = YES;
				CLANG_WARN_NON_LITERAL_NULL_CONVERSION = YES;
				CLANG_WARN_OBJC_IMPLICIT_RETAIN_SELF = YES;
				CLANG_WARN_OBJC_LITERAL_CONVERSION = YES;
				CLANG_WARN_OBJC_ROOT_CLASS = YES_ERROR;
				CLANG_WARN_QUOTED_INCLUDE_IN_FRAMEWORK_HEADER = YES;
				CLANG_WARN_RANGE_LOOP_ANALYSIS = YES;
				CLANG_WARN_STRICT_PROTOTYPES = YES;
				CLANG_WARN_SUSPICIOUS_MOVE = YES;
				CLANG_WARN_UNGUARDED_AVAILABILITY = YES_AGGRESSIVE;
				CLANG_WARN_UNREACHABLE_CODE = YES;
				CLANG_WARN__DUPLICATE_METHOD_MATCH = YES;
				COPY_PHASE_STRIP = NO;
				DEBUG_INFORMATION_FORMAT = "dwarf-with-dsym";
				ENABLE_NS_ASSERTIONS = NO;
				ENABLE_STRICT_OBJC_MSGSEND = YES;
				ENABLE_USER_SCRIPT_SANDBOXING = YES;
				GCC_C_LANGUAGE_STANDARD = gnu17;
				GCC_NO_COMMON_BLOCKS = YES;
				GCC_WARN_64_TO_32_BIT_CONVERSION = YES;
				GCC_WARN_ABOUT_RETURN_TYPE = YES_ERROR;
				GCC_WARN_UNDECLARED_SELECTOR = YES;
				GCC_WARN_UNINITIALIZED_AUTOS = YES_AGGRESSIVE;
				GCC_WARN_UNUSED_FUNCTION = YES;
				GCC_WARN_UNUSED_VARIABLE = YES;
				IPHONEOS_DEPLOYMENT_TARGET = 17.5;
				LOCALIZATION_PREFERS_STRING_CATALOGS = YES;
				MTL_ENABLE_DEBUG_INFO = NO;
				MTL_FAST_MATH = YES;
				SDKROOT = iphoneos;
				SWIFT_COMPILATION_MODE = wholemodule;
				VALIDATE_PRODUCT = YES;
			};
			name = Release;
		};
		62F6B1C52CA765BF00C539A1 /* Debug */ = {
			isa = XCBuildConfiguration;
			buildSettings = {
				ASSETCATALOG_COMPILER_APPICON_NAME = AppIcon;
				ASSETCATALOG_COMPILER_GLOBAL_ACCENT_COLOR_NAME = AccentColor;
				CODE_SIGN_STYLE = Automatic;
				CURRENT_PROJECT_VERSION = 1;
				DEVELOPMENT_ASSET_PATHS = "\"Rides/Preview Content\"";
				ENABLE_PREVIEWS = YES;
				GENERATE_INFOPLIST_FILE = YES;
				INFOPLIST_KEY_UIApplicationSceneManifest_Generation = YES;
				INFOPLIST_KEY_UIApplicationSupportsIndirectInputEvents = YES;
				INFOPLIST_KEY_UILaunchScreen_Generation = YES;
				INFOPLIST_KEY_UISupportedInterfaceOrientations_iPad = "UIInterfaceOrientationPortrait UIInterfaceOrientationPortraitUpsideDown UIInterfaceOrientationLandscapeLeft UIInterfaceOrientationLandscapeRight";
				INFOPLIST_KEY_UISupportedInterfaceOrientations_iPhone = "UIInterfaceOrientationPortrait UIInterfaceOrientationLandscapeLeft UIInterfaceOrientationLandscapeRight";
				LD_RUNPATH_SEARCH_PATHS = (
					"$(inherited)",
					"@executable_path/Frameworks",
				);
				MARKETING_VERSION = 1.0;
				PRODUCT_BUNDLE_IDENTIFIER = com.saksha.Rides;
				PRODUCT_NAME = "$(TARGET_NAME)";
				SWIFT_EMIT_LOC_STRINGS = YES;
				SWIFT_VERSION = 5.0;
				TARGETED_DEVICE_FAMILY = "1,2";
			};
			name = Debug;
		};
		62F6B1C62CA765BF00C539A1 /* Release */ = {
			isa = XCBuildConfiguration;
			buildSettings = {
				ASSETCATALOG_COMPILER_APPICON_NAME = AppIcon;
				ASSETCATALOG_COMPILER_GLOBAL_ACCENT_COLOR_NAME = AccentColor;
				CODE_SIGN_STYLE = Automatic;
				CURRENT_PROJECT_VERSION = 1;
				DEVELOPMENT_ASSET_PATHS = "\"Rides/Preview Content\"";
				ENABLE_PREVIEWS = YES;
				GENERATE_INFOPLIST_FILE = YES;
				INFOPLIST_KEY_UIApplicationSceneManifest_Generation = YES;
				INFOPLIST_KEY_UIApplicationSupportsIndirectInputEvents = YES;
				INFOPLIST_KEY_UILaunchScreen_Generation = YES;
				INFOPLIST_KEY_UISupportedInterfaceOrientations_iPad = "UIInterfaceOrientationPortrait UIInterfaceOrientationPortraitUpsideDown UIInterfaceOrientationLandscapeLeft UIInterfaceOrientationLandscapeRight";
				INFOPLIST_KEY_UISupportedInterfaceOrientations_iPhone = "UIInterfaceOrientationPortrait UIInterfaceOrientationLandscapeLeft UIInterfaceOrientationLandscapeRight";
				LD_RUNPATH_SEARCH_PATHS = (
					"$(inherited)",
					"@executable_path/Frameworks",
				);
				MARKETING_VERSION = 1.0;
				PRODUCT_BUNDLE_IDENTIFIER = com.saksha.Rides;
				PRODUCT_NAME = "$(TARGET_NAME)";
				SWIFT_EMIT_LOC_STRINGS = YES;
				SWIFT_VERSION = 5.0;
				TARGETED_DEVICE_FAMILY = "1,2";
			};
			name = Release;
		};
		62F6B1C82CA765BF00C539A1 /* Debug */ = {
			isa = XCBuildConfiguration;
			buildSettings = {
				ALWAYS_EMBED_SWIFT_STANDARD_LIBRARIES = YES;
				BUNDLE_LOADER = "$(TEST_HOST)";
				CODE_SIGN_STYLE = Automatic;
				CURRENT_PROJECT_VERSION = 1;
				GENERATE_INFOPLIST_FILE = YES;
				IPHONEOS_DEPLOYMENT_TARGET = 17.5;
				MARKETING_VERSION = 1.0;
				PRODUCT_BUNDLE_IDENTIFIER = com.saksha.RidesTests;
				PRODUCT_NAME = "$(TARGET_NAME)";
				SWIFT_EMIT_LOC_STRINGS = NO;
				SWIFT_VERSION = 5.0;
				TARGETED_DEVICE_FAMILY = "1,2";
				TEST_HOST = "$(BUILT_PRODUCTS_DIR)/Rides.app/$(BUNDLE_EXECUTABLE_FOLDER_PATH)/Rides";
			};
			name = Debug;
		};
		62F6B1C92CA765BF00C539A1 /* Release */ = {
			isa = XCBuildConfiguration;
			buildSettings = {
				ALWAYS_EMBED_SWIFT_STANDARD_LIBRARIES = YES;
				BUNDLE_LOADER = "$(TEST_HOST)";
				CODE_SIGN_STYLE = Automatic;
				CURRENT_PROJECT_VERSION = 1;
				GENERATE_INFOPLIST_FILE = YES;
				IPHONEOS_DEPLOYMENT_TARGET = 17.5;
				MARKETING_VERSION = 1.0;
				PRODUCT_BUNDLE_IDENTIFIER = com.saksha.RidesTests;
				PRODUCT_NAME = "$(TARGET_NAME)";
				SWIFT_EMIT_LOC_STRINGS = NO;
				SWIFT_VERSION = 5.0;
				TARGETED_DEVICE_FAMILY = "1,2";
				TEST_HOST = "$(BUILT_PRODUCTS_DIR)/Rides.app/$(BUNDLE_EXECUTABLE_FOLDER_PATH)/Rides";
			};
			name = Release;
		};
		62F6B1CB2CA765BF00C539A1 /* Debug */ = {
			isa = XCBuildConfiguration;
			buildSettings = {
				ALWAYS_EMBED_SWIFT_STANDARD_LIBRARIES = YES;
				CODE_SIGN_STYLE = Automatic;
				CURRENT_PROJECT_VERSION = 1;
				GENERATE_INFOPLIST_FILE = YES;
				MARKETING_VERSION = 1.0;
				PRODUCT_BUNDLE_IDENTIFIER = com.saksha.RidesUITests;
				PRODUCT_NAME = "$(TARGET_NAME)";
				SWIFT_EMIT_LOC_STRINGS = NO;
				SWIFT_VERSION = 5.0;
				TARGETED_DEVICE_FAMILY = "1,2";
				TEST_TARGET_NAME = Rides;
			};
			name = Debug;
		};
		62F6B1CC2CA765BF00C539A1 /* Release */ = {
			isa = XCBuildConfiguration;
			buildSettings = {
				ALWAYS_EMBED_SWIFT_STANDARD_LIBRARIES = YES;
				CODE_SIGN_STYLE = Automatic;
				CURRENT_PROJECT_VERSION = 1;
				GENERATE_INFOPLIST_FILE = YES;
				MARKETING_VERSION = 1.0;
				PRODUCT_BUNDLE_IDENTIFIER = com.saksha.RidesUITests;
				PRODUCT_NAME = "$(TARGET_NAME)";
				SWIFT_EMIT_LOC_STRINGS = NO;
				SWIFT_VERSION = 5.0;
				TARGETED_DEVICE_FAMILY = "1,2";
				TEST_TARGET_NAME = Rides;
			};
			name = Release;
		};
/* End XCBuildConfiguration section */

/* Begin XCConfigurationList section */
		62F6B19B2CA765BD00C539A1 /* Build configuration list for PBXProject "Rides" */ = {
			isa = XCConfigurationList;
			buildConfigurations = (
				62F6B1C22CA765BF00C539A1 /* Debug */,
				62F6B1C32CA765BF00C539A1 /* Release */,
			);
			defaultConfigurationIsVisible = 0;
			defaultConfigurationName = Release;
		};
		62F6B1C42CA765BF00C539A1 /* Build configuration list for PBXNativeTarget "Rides" */ = {
			isa = XCConfigurationList;
			buildConfigurations = (
				62F6B1C52CA765BF00C539A1 /* Debug */,
				62F6B1C62CA765BF00C539A1 /* Release */,
			);
			defaultConfigurationIsVisible = 0;
			defaultConfigurationName = Release;
		};
		62F6B1C72CA765BF00C539A1 /* Build configuration list for PBXNativeTarget "RidesTests" */ = {
			isa = XCConfigurationList;
			buildConfigurations = (
				62F6B1C82CA765BF00C539A1 /* Debug */,
				62F6B1C92CA765BF00C539A1 /* Release */,
			);
			defaultConfigurationIsVisible = 0;
			defaultConfigurationName = Release;
		};
		62F6B1CA2CA765BF00C539A1 /* Build configuration list for PBXNativeTarget "RidesUITests" */ = {
			isa = XCConfigurationList;
			buildConfigurations = (
				62F6B1CB2CA765BF00C539A1 /* Debug */,
				62F6B1CC2CA765BF00C539A1 /* Release */,
			);
			defaultConfigurationIsVisible = 0;
			defaultConfigurationName = Release;
		};
/* End XCConfigurationList section */
	};
	rootObject = 62F6B1982CA765BD00C539A1 /* Project object */;
}
